// !$*UTF8*$!
{
	archiveVersion = 1;
	classes = {
	};
	objectVersion = 50;
	objects = {

/* Begin PBXBuildFile section */
		761E884821D7321F00AB2F70 /* AppDelegate.m in Sources */ = {isa = PBXBuildFile; fileRef = 761E884721D7321F00AB2F70 /* AppDelegate.m */; };
		761E884B21D7321F00AB2F70 /* ViewController.m in Sources */ = {isa = PBXBuildFile; fileRef = 761E884A21D7321F00AB2F70 /* ViewController.m */; };
		761E884E21D7321F00AB2F70 /* Main.storyboard in Resources */ = {isa = PBXBuildFile; fileRef = 761E884C21D7321F00AB2F70 /* Main.storyboard */; };
		761E885021D7322100AB2F70 /* Assets.xcassets in Resources */ = {isa = PBXBuildFile; fileRef = 761E884F21D7322100AB2F70 /* Assets.xcassets */; };
		761E885321D7322100AB2F70 /* LaunchScreen.storyboard in Resources */ = {isa = PBXBuildFile; fileRef = 761E885121D7322100AB2F70 /* LaunchScreen.storyboard */; };
		761E885621D7322100AB2F70 /* main.m in Sources */ = {isa = PBXBuildFile; fileRef = 761E885521D7322100AB2F70 /* main.m */; };
		761E88B221D7324500AB2F70 /* LICENSE in Resources */ = {isa = PBXBuildFile; fileRef = 761E885E21D7324500AB2F70 /* LICENSE */; };
		761E88B821D7324F00AB2F70 /* libcrypto.a in Frameworks */ = {isa = PBXBuildFile; fileRef = 761E88B421D7324F00AB2F70 /* libcrypto.a */; };
		761E88BA21D7324F00AB2F70 /* libssl.a in Frameworks */ = {isa = PBXBuildFile; fileRef = 761E88B621D7324F00AB2F70 /* libssl.a */; };
/* End PBXBuildFile section */

/* Begin PBXFileReference section */
		761E884321D7321F00AB2F70 /* OpenSSL_Demo.app */ = {isa = PBXFileReference; explicitFileType = wrapper.application; includeInIndex = 0; path = OpenSSL_Demo.app; sourceTree = BUILT_PRODUCTS_DIR; };
		761E884621D7321F00AB2F70 /* AppDelegate.h */ = {isa = PBXFileReference; lastKnownFileType = sourcecode.c.h; path = AppDelegate.h; sourceTree = "<group>"; };
		761E884721D7321F00AB2F70 /* AppDelegate.m */ = {isa = PBXFileReference; lastKnownFileType = sourcecode.c.objc; path = AppDelegate.m; sourceTree = "<group>"; };
		761E884921D7321F00AB2F70 /* ViewController.h */ = {isa = PBXFileReference; lastKnownFileType = sourcecode.c.h; path = ViewController.h; sourceTree = "<group>"; };
		761E884A21D7321F00AB2F70 /* ViewController.m */ = {isa = PBXFileReference; lastKnownFileType = sourcecode.c.objc; path = ViewController.m; sourceTree = "<group>"; };
		761E884D21D7321F00AB2F70 /* Base */ = {isa = PBXFileReference; lastKnownFileType = file.storyboard; name = Base; path = Base.lproj/Main.storyboard; sourceTree = "<group>"; };
		761E884F21D7322100AB2F70 /* Assets.xcassets */ = {isa = PBXFileReference; lastKnownFileType = folder.assetcatalog; path = Assets.xcassets; sourceTree = "<group>"; };
		761E885221D7322100AB2F70 /* Base */ = {isa = PBXFileReference; lastKnownFileType = file.storyboard; name = Base; path = Base.lproj/LaunchScreen.storyboard; sourceTree = "<group>"; };
		761E885421D7322100AB2F70 /* Info.plist */ = {isa = PBXFileReference; lastKnownFileType = text.plist.xml; path = Info.plist; sourceTree = "<group>"; };
		761E885521D7322100AB2F70 /* main.m */ = {isa = PBXFileReference; lastKnownFileType = sourcecode.c.objc; path = main.m; sourceTree = "<group>"; };
		761E885D21D7324500AB2F70 /* opensslconf-template.h */ = {isa = PBXFileReference; fileEncoding = 4; lastKnownFileType = sourcecode.c.h; path = "opensslconf-template.h"; sourceTree = "<group>"; };
		761E885E21D7324500AB2F70 /* LICENSE */ = {isa = PBXFileReference; fileEncoding = 4; lastKnownFileType = text; path = LICENSE; sourceTree = "<group>"; };
		761E886021D7324500AB2F70 /* pem2.h */ = {isa = PBXFileReference; fileEncoding = 4; lastKnownFileType = sourcecode.c.h; path = pem2.h; sourceTree = "<group>"; };
		761E886121D7324500AB2F70 /* pem.h */ = {isa = PBXFileReference; fileEncoding = 4; lastKnownFileType = sourcecode.c.h; path = pem.h; sourceTree = "<group>"; };
		761E886221D7324500AB2F70 /* ssl3.h */ = {isa = PBXFileReference; fileEncoding = 4; lastKnownFileType = sourcecode.c.h; path = ssl3.h; sourceTree = "<group>"; };
		761E886321D7324500AB2F70 /* ossl_typ.h */ = {isa = PBXFileReference; fileEncoding = 4; lastKnownFileType = sourcecode.c.h; path = ossl_typ.h; sourceTree = "<group>"; };
		761E886421D7324500AB2F70 /* dtls1.h */ = {isa = PBXFileReference; fileEncoding = 4; lastKnownFileType = sourcecode.c.h; path = dtls1.h; sourceTree = "<group>"; };
		761E886521D7324500AB2F70 /* err.h */ = {isa = PBXFileReference; fileEncoding = 4; lastKnownFileType = sourcecode.c.h; path = err.h; sourceTree = "<group>"; };
		761E886621D7324500AB2F70 /* bn.h */ = {isa = PBXFileReference; fileEncoding = 4; lastKnownFileType = sourcecode.c.h; path = bn.h; sourceTree = "<group>"; };
		761E886721D7324500AB2F70 /* blowfish.h */ = {isa = PBXFileReference; fileEncoding = 4; lastKnownFileType = sourcecode.c.h; path = blowfish.h; sourceTree = "<group>"; };
		761E886821D7324500AB2F70 /* cms.h */ = {isa = PBXFileReference; fileEncoding = 4; lastKnownFileType = sourcecode.c.h; path = cms.h; sourceTree = "<group>"; };
		761E886921D7324500AB2F70 /* engine.h */ = {isa = PBXFileReference; fileEncoding = 4; lastKnownFileType = sourcecode.c.h; path = engine.h; sourceTree = "<group>"; };
		761E886A21D7324500AB2F70 /* conf_api.h */ = {isa = PBXFileReference; fileEncoding = 4; lastKnownFileType = sourcecode.c.h; path = conf_api.h; sourceTree = "<group>"; };
		761E886B21D7324500AB2F70 /* x509.h */ = {isa = PBXFileReference; fileEncoding = 4; lastKnownFileType = sourcecode.c.h; path = x509.h; sourceTree = "<group>"; };
		761E886C21D7324500AB2F70 /* asn1_mac.h */ = {isa = PBXFileReference; fileEncoding = 4; lastKnownFileType = sourcecode.c.h; path = asn1_mac.h; sourceTree = "<group>"; };
		761E886D21D7324500AB2F70 /* opensslconf_ios_x86_64.h */ = {isa = PBXFileReference; fileEncoding = 4; lastKnownFileType = sourcecode.c.h; path = opensslconf_ios_x86_64.h; sourceTree = "<group>"; };
		761E886E21D7324500AB2F70 /* ui.h */ = {isa = PBXFileReference; fileEncoding = 4; lastKnownFileType = sourcecode.c.h; path = ui.h; sourceTree = "<group>"; };
		761E886F21D7324500AB2F70 /* kssl.h */ = {isa = PBXFileReference; fileEncoding = 4; lastKnownFileType = sourcecode.c.h; path = kssl.h; sourceTree = "<group>"; };
		761E887021D7324500AB2F70 /* opensslconf_tvos_x86_64.h */ = {isa = PBXFileReference; fileEncoding = 4; lastKnownFileType = sourcecode.c.h; path = opensslconf_tvos_x86_64.h; sourceTree = "<group>"; };
		761E887121D7324500AB2F70 /* opensslconf_ios_armv7s.h */ = {isa = PBXFileReference; fileEncoding = 4; lastKnownFileType = sourcecode.c.h; path = opensslconf_ios_armv7s.h; sourceTree = "<group>"; };
		761E887221D7324500AB2F70 /* sha.h */ = {isa = PBXFileReference; fileEncoding = 4; lastKnownFileType = sourcecode.c.h; path = sha.h; sourceTree = "<group>"; };
		761E887321D7324500AB2F70 /* symhacks.h */ = {isa = PBXFileReference; fileEncoding = 4; lastKnownFileType = sourcecode.c.h; path = symhacks.h; sourceTree = "<group>"; };
		761E887421D7324500AB2F70 /* asn1.h */ = {isa = PBXFileReference; fileEncoding = 4; lastKnownFileType = sourcecode.c.h; path = asn1.h; sourceTree = "<group>"; };
		761E887521D7324500AB2F70 /* opensslconf.h */ = {isa = PBXFileReference; fileEncoding = 4; lastKnownFileType = sourcecode.c.h; path = opensslconf.h; sourceTree = "<group>"; };
		761E887621D7324500AB2F70 /* opensslconf_ios_i386.h */ = {isa = PBXFileReference; fileEncoding = 4; lastKnownFileType = sourcecode.c.h; path = opensslconf_ios_i386.h; sourceTree = "<group>"; };
		761E887721D7324500AB2F70 /* bio.h */ = {isa = PBXFileReference; fileEncoding = 4; lastKnownFileType = sourcecode.c.h; path = bio.h; sourceTree = "<group>"; };
		761E887821D7324500AB2F70 /* rc2.h */ = {isa = PBXFileReference; fileEncoding = 4; lastKnownFileType = sourcecode.c.h; path = rc2.h; sourceTree = "<group>"; };
		761E887921D7324500AB2F70 /* dh.h */ = {isa = PBXFileReference; fileEncoding = 4; lastKnownFileType = sourcecode.c.h; path = dh.h; sourceTree = "<group>"; };
		761E887A21D7324500AB2F70 /* ui_compat.h */ = {isa = PBXFileReference; fileEncoding = 4; lastKnownFileType = sourcecode.c.h; path = ui_compat.h; sourceTree = "<group>"; };
		761E887B21D7324500AB2F70 /* x509v3.h */ = {isa = PBXFileReference; fileEncoding = 4; lastKnownFileType = sourcecode.c.h; path = x509v3.h; sourceTree = "<group>"; };
		761E887C21D7324500AB2F70 /* ssl23.h */ = {isa = PBXFileReference; fileEncoding = 4; lastKnownFileType = sourcecode.c.h; path = ssl23.h; sourceTree = "<group>"; };
		761E887D21D7324500AB2F70 /* conf.h */ = {isa = PBXFileReference; fileEncoding = 4; lastKnownFileType = sourcecode.c.h; path = conf.h; sourceTree = "<group>"; };
		761E887E21D7324500AB2F70 /* md5.h */ = {isa = PBXFileReference; fileEncoding = 4; lastKnownFileType = sourcecode.c.h; path = md5.h; sourceTree = "<group>"; };
		761E887F21D7324500AB2F70 /* x509_vfy.h */ = {isa = PBXFileReference; fileEncoding = 4; lastKnownFileType = sourcecode.c.h; path = x509_vfy.h; sourceTree = "<group>"; };
		761E888021D7324500AB2F70 /* txt_db.h */ = {isa = PBXFileReference; fileEncoding = 4; lastKnownFileType = sourcecode.c.h; path = txt_db.h; sourceTree = "<group>"; };
		761E888121D7324500AB2F70 /* safestack.h */ = {isa = PBXFileReference; fileEncoding = 4; lastKnownFileType = sourcecode.c.h; path = safestack.h; sourceTree = "<group>"; };
		761E888221D7324500AB2F70 /* ecdsa.h */ = {isa = PBXFileReference; fileEncoding = 4; lastKnownFileType = sourcecode.c.h; path = ecdsa.h; sourceTree = "<group>"; };
		761E888321D7324500AB2F70 /* objects.h */ = {isa = PBXFileReference; fileEncoding = 4; lastKnownFileType = sourcecode.c.h; path = objects.h; sourceTree = "<group>"; };
		761E888421D7324500AB2F70 /* pkcs12.h */ = {isa = PBXFileReference; fileEncoding = 4; lastKnownFileType = sourcecode.c.h; path = pkcs12.h; sourceTree = "<group>"; };
		761E888521D7324500AB2F70 /* crypto.h */ = {isa = PBXFileReference; fileEncoding = 4; lastKnownFileType = sourcecode.c.h; path = crypto.h; sourceTree = "<group>"; };
		761E888621D7324500AB2F70 /* opensslv.h */ = {isa = PBXFileReference; fileEncoding = 4; lastKnownFileType = sourcecode.c.h; path = opensslv.h; sourceTree = "<group>"; };
		761E888721D7324500AB2F70 /* pkcs7.h */ = {isa = PBXFileReference; fileEncoding = 4; lastKnownFileType = sourcecode.c.h; path = pkcs7.h; sourceTree = "<group>"; };
		761E888821D7324500AB2F70 /* obj_mac.h */ = {isa = PBXFileReference; fileEncoding = 4; lastKnownFileType = sourcecode.c.h; path = obj_mac.h; sourceTree = "<group>"; };
		761E888921D7324500AB2F70 /* buffer.h */ = {isa = PBXFileReference; fileEncoding = 4; lastKnownFileType = sourcecode.c.h; path = buffer.h; sourceTree = "<group>"; };
		761E888A21D7324500AB2F70 /* ssl.h */ = {isa = PBXFileReference; fileEncoding = 4; lastKnownFileType = sourcecode.c.h; path = ssl.h; sourceTree = "<group>"; };
		761E888B21D7324500AB2F70 /* srp.h */ = {isa = PBXFileReference; fileEncoding = 4; lastKnownFileType = sourcecode.c.h; path = srp.h; sourceTree = "<group>"; };
		761E888C21D7324500AB2F70 /* camellia.h */ = {isa = PBXFileReference; fileEncoding = 4; lastKnownFileType = sourcecode.c.h; path = camellia.h; sourceTree = "<group>"; };
		761E888D21D7324500AB2F70 /* opensslconf_ios_arm64.h */ = {isa = PBXFileReference; fileEncoding = 4; lastKnownFileType = sourcecode.c.h; path = opensslconf_ios_arm64.h; sourceTree = "<group>"; };
		761E888E21D7324500AB2F70 /* evp.h */ = {isa = PBXFileReference; fileEncoding = 4; lastKnownFileType = sourcecode.c.h; path = evp.h; sourceTree = "<group>"; };
		761E888F21D7324500AB2F70 /* e_os2.h */ = {isa = PBXFileReference; fileEncoding = 4; lastKnownFileType = sourcecode.c.h; path = e_os2.h; sourceTree = "<group>"; };
		761E889021D7324500AB2F70 /* md4.h */ = {isa = PBXFileReference; fileEncoding = 4; lastKnownFileType = sourcecode.c.h; path = md4.h; sourceTree = "<group>"; };
		761E889121D7324500AB2F70 /* hmac.h */ = {isa = PBXFileReference; fileEncoding = 4; lastKnownFileType = sourcecode.c.h; path = hmac.h; sourceTree = "<group>"; };
		761E889221D7324500AB2F70 /* aes.h */ = {isa = PBXFileReference; fileEncoding = 4; lastKnownFileType = sourcecode.c.h; path = aes.h; sourceTree = "<group>"; };
		761E889321D7324500AB2F70 /* comp.h */ = {isa = PBXFileReference; fileEncoding = 4; lastKnownFileType = sourcecode.c.h; path = comp.h; sourceTree = "<group>"; };
		761E889421D7324500AB2F70 /* cast.h */ = {isa = PBXFileReference; fileEncoding = 4; lastKnownFileType = sourcecode.c.h; path = cast.h; sourceTree = "<group>"; };
		761E889521D7324500AB2F70 /* rc4.h */ = {isa = PBXFileReference; fileEncoding = 4; lastKnownFileType = sourcecode.c.h; path = rc4.h; sourceTree = "<group>"; };
		761E889621D7324500AB2F70 /* stack.h */ = {isa = PBXFileReference; fileEncoding = 4; lastKnownFileType = sourcecode.c.h; path = stack.h; sourceTree = "<group>"; };
		761E889721D7324500AB2F70 /* des.h */ = {isa = PBXFileReference; fileEncoding = 4; lastKnownFileType = sourcecode.c.h; path = des.h; sourceTree = "<group>"; };
		761E889821D7324500AB2F70 /* ocsp.h */ = {isa = PBXFileReference; fileEncoding = 4; lastKnownFileType = sourcecode.c.h; path = ocsp.h; sourceTree = "<group>"; };
		761E889921D7324500AB2F70 /* ec.h */ = {isa = PBXFileReference; fileEncoding = 4; lastKnownFileType = sourcecode.c.h; path = ec.h; sourceTree = "<group>"; };
		761E889A21D7324500AB2F70 /* ecdh.h */ = {isa = PBXFileReference; fileEncoding = 4; lastKnownFileType = sourcecode.c.h; path = ecdh.h; sourceTree = "<group>"; };
		761E889B21D7324500AB2F70 /* rand.h */ = {isa = PBXFileReference; fileEncoding = 4; lastKnownFileType = sourcecode.c.h; path = rand.h; sourceTree = "<group>"; };
		761E889C21D7324500AB2F70 /* opensslconf_ios_armv7.h */ = {isa = PBXFileReference; fileEncoding = 4; lastKnownFileType = sourcecode.c.h; path = opensslconf_ios_armv7.h; sourceTree = "<group>"; };
		761E889D21D7324500AB2F70 /* opensslconf_tvos_arm64.h */ = {isa = PBXFileReference; fileEncoding = 4; lastKnownFileType = sourcecode.c.h; path = opensslconf_tvos_arm64.h; sourceTree = "<group>"; };
		761E889E21D7324500AB2F70 /* ts.h */ = {isa = PBXFileReference; fileEncoding = 4; lastKnownFileType = sourcecode.c.h; path = ts.h; sourceTree = "<group>"; };
		761E889F21D7324500AB2F70 /* pqueue.h */ = {isa = PBXFileReference; fileEncoding = 4; lastKnownFileType = sourcecode.c.h; path = pqueue.h; sourceTree = "<group>"; };
		761E88A021D7324500AB2F70 /* dso.h */ = {isa = PBXFileReference; fileEncoding = 4; lastKnownFileType = sourcecode.c.h; path = dso.h; sourceTree = "<group>"; };
		761E88A121D7324500AB2F70 /* seed.h */ = {isa = PBXFileReference; fileEncoding = 4; lastKnownFileType = sourcecode.c.h; path = seed.h; sourceTree = "<group>"; };
		761E88A221D7324500AB2F70 /* modes.h */ = {isa = PBXFileReference; fileEncoding = 4; lastKnownFileType = sourcecode.c.h; path = modes.h; sourceTree = "<group>"; };
		761E88A321D7324500AB2F70 /* ssl2.h */ = {isa = PBXFileReference; fileEncoding = 4; lastKnownFileType = sourcecode.c.h; path = ssl2.h; sourceTree = "<group>"; };
		761E88A421D7324500AB2F70 /* rsa.h */ = {isa = PBXFileReference; fileEncoding = 4; lastKnownFileType = sourcecode.c.h; path = rsa.h; sourceTree = "<group>"; };
		761E88A521D7324500AB2F70 /* krb5_asn.h */ = {isa = PBXFileReference; fileEncoding = 4; lastKnownFileType = sourcecode.c.h; path = krb5_asn.h; sourceTree = "<group>"; };
		761E88A621D7324500AB2F70 /* des_old.h */ = {isa = PBXFileReference; fileEncoding = 4; lastKnownFileType = sourcecode.c.h; path = des_old.h; sourceTree = "<group>"; };
		761E88A721D7324500AB2F70 /* ripemd.h */ = {isa = PBXFileReference; fileEncoding = 4; lastKnownFileType = sourcecode.c.h; path = ripemd.h; sourceTree = "<group>"; };
		761E88A821D7324500AB2F70 /* whrlpool.h */ = {isa = PBXFileReference; fileEncoding = 4; lastKnownFileType = sourcecode.c.h; path = whrlpool.h; sourceTree = "<group>"; };
		761E88A921D7324500AB2F70 /* tls1.h */ = {isa = PBXFileReference; fileEncoding = 4; lastKnownFileType = sourcecode.c.h; path = tls1.h; sourceTree = "<group>"; };
		761E88AA21D7324500AB2F70 /* mdc2.h */ = {isa = PBXFileReference; fileEncoding = 4; lastKnownFileType = sourcecode.c.h; path = mdc2.h; sourceTree = "<group>"; };
		761E88AB21D7324500AB2F70 /* dsa.h */ = {isa = PBXFileReference; fileEncoding = 4; lastKnownFileType = sourcecode.c.h; path = dsa.h; sourceTree = "<group>"; };
		761E88AC21D7324500AB2F70 /* srtp.h */ = {isa = PBXFileReference; fileEncoding = 4; lastKnownFileType = sourcecode.c.h; path = srtp.h; sourceTree = "<group>"; };
		761E88AD21D7324500AB2F70 /* asn1t.h */ = {isa = PBXFileReference; fileEncoding = 4; lastKnownFileType = sourcecode.c.h; path = asn1t.h; sourceTree = "<group>"; };
		761E88AE21D7324500AB2F70 /* cmac.h */ = {isa = PBXFileReference; fileEncoding = 4; lastKnownFileType = sourcecode.c.h; path = cmac.h; sourceTree = "<group>"; };
		761E88AF21D7324500AB2F70 /* ebcdic.h */ = {isa = PBXFileReference; fileEncoding = 4; lastKnownFileType = sourcecode.c.h; path = ebcdic.h; sourceTree = "<group>"; };
		761E88B021D7324500AB2F70 /* idea.h */ = {isa = PBXFileReference; fileEncoding = 4; lastKnownFileType = sourcecode.c.h; path = idea.h; sourceTree = "<group>"; };
		761E88B121D7324500AB2F70 /* lhash.h */ = {isa = PBXFileReference; fileEncoding = 4; lastKnownFileType = sourcecode.c.h; path = lhash.h; sourceTree = "<group>"; };
		761E88B421D7324F00AB2F70 /* libcrypto.a */ = {isa = PBXFileReference; lastKnownFileType = archive.ar; path = libcrypto.a; sourceTree = "<group>"; };
		761E88B621D7324F00AB2F70 /* libssl.a */ = {isa = PBXFileReference; lastKnownFileType = archive.ar; path = libssl.a; sourceTree = "<group>"; };
/* End PBXFileReference section */

/* Begin PBXFrameworksBuildPhase section */
		761E884021D7321F00AB2F70 /* Frameworks */ = {
			isa = PBXFrameworksBuildPhase;
			buildActionMask = 2147483647;
			files = (
				761E88B821D7324F00AB2F70 /* libcrypto.a in Frameworks */,
				761E88BA21D7324F00AB2F70 /* libssl.a in Frameworks */,
			);
			runOnlyForDeploymentPostprocessing = 0;
		};
/* End PBXFrameworksBuildPhase section */

/* Begin PBXGroup section */
		761E883A21D7321F00AB2F70 = {
			isa = PBXGroup;
			children = (
				761E88B321D7324F00AB2F70 /* lib */,
				761E885C21D7324500AB2F70 /* include */,
				761E884521D7321F00AB2F70 /* OpenSSL_Demo */,
				761E884421D7321F00AB2F70 /* Products */,
			);
			sourceTree = "<group>";
		};
		761E884421D7321F00AB2F70 /* Products */ = {
			isa = PBXGroup;
			children = (
				761E884321D7321F00AB2F70 /* OpenSSL_Demo.app */,
			);
			name = Products;
			sourceTree = "<group>";
		};
		761E884521D7321F00AB2F70 /* OpenSSL_Demo */ = {
			isa = PBXGroup;
			children = (
				761E884621D7321F00AB2F70 /* AppDelegate.h */,
				761E884721D7321F00AB2F70 /* AppDelegate.m */,
				761E884921D7321F00AB2F70 /* ViewController.h */,
				761E884A21D7321F00AB2F70 /* ViewController.m */,
				761E884C21D7321F00AB2F70 /* Main.storyboard */,
				761E884F21D7322100AB2F70 /* Assets.xcassets */,
				761E885121D7322100AB2F70 /* LaunchScreen.storyboard */,
				761E885421D7322100AB2F70 /* Info.plist */,
				761E885521D7322100AB2F70 /* main.m */,
			);
			path = OpenSSL_Demo;
			sourceTree = "<group>";
		};
		761E885C21D7324500AB2F70 /* include */ = {
			isa = PBXGroup;
			children = (
				761E885D21D7324500AB2F70 /* opensslconf-template.h */,
				761E885E21D7324500AB2F70 /* LICENSE */,
				761E885F21D7324500AB2F70 /* openssl */,
			);
			path = include;
			sourceTree = "<group>";
		};
		761E885F21D7324500AB2F70 /* openssl */ = {
			isa = PBXGroup;
			children = (
				761E886021D7324500AB2F70 /* pem2.h */,
				761E886121D7324500AB2F70 /* pem.h */,
				761E886221D7324500AB2F70 /* ssl3.h */,
				761E886321D7324500AB2F70 /* ossl_typ.h */,
				761E886421D7324500AB2F70 /* dtls1.h */,
				761E886521D7324500AB2F70 /* err.h */,
				761E886621D7324500AB2F70 /* bn.h */,
				761E886721D7324500AB2F70 /* blowfish.h */,
				761E886821D7324500AB2F70 /* cms.h */,
				761E886921D7324500AB2F70 /* engine.h */,
				761E886A21D7324500AB2F70 /* conf_api.h */,
				761E886B21D7324500AB2F70 /* x509.h */,
				761E886C21D7324500AB2F70 /* asn1_mac.h */,
				761E886D21D7324500AB2F70 /* opensslconf_ios_x86_64.h */,
				761E886E21D7324500AB2F70 /* ui.h */,
				761E886F21D7324500AB2F70 /* kssl.h */,
				761E887021D7324500AB2F70 /* opensslconf_tvos_x86_64.h */,
				761E887121D7324500AB2F70 /* opensslconf_ios_armv7s.h */,
				761E887221D7324500AB2F70 /* sha.h */,
				761E887321D7324500AB2F70 /* symhacks.h */,
				761E887421D7324500AB2F70 /* asn1.h */,
				761E887521D7324500AB2F70 /* opensslconf.h */,
				761E887621D7324500AB2F70 /* opensslconf_ios_i386.h */,
				761E887721D7324500AB2F70 /* bio.h */,
				761E887821D7324500AB2F70 /* rc2.h */,
				761E887921D7324500AB2F70 /* dh.h */,
				761E887A21D7324500AB2F70 /* ui_compat.h */,
				761E887B21D7324500AB2F70 /* x509v3.h */,
				761E887C21D7324500AB2F70 /* ssl23.h */,
				761E887D21D7324500AB2F70 /* conf.h */,
				761E887E21D7324500AB2F70 /* md5.h */,
				761E887F21D7324500AB2F70 /* x509_vfy.h */,
				761E888021D7324500AB2F70 /* txt_db.h */,
				761E888121D7324500AB2F70 /* safestack.h */,
				761E888221D7324500AB2F70 /* ecdsa.h */,
				761E888321D7324500AB2F70 /* objects.h */,
				761E888421D7324500AB2F70 /* pkcs12.h */,
				761E888521D7324500AB2F70 /* crypto.h */,
				761E888621D7324500AB2F70 /* opensslv.h */,
				761E888721D7324500AB2F70 /* pkcs7.h */,
				761E888821D7324500AB2F70 /* obj_mac.h */,
				761E888921D7324500AB2F70 /* buffer.h */,
				761E888A21D7324500AB2F70 /* ssl.h */,
				761E888B21D7324500AB2F70 /* srp.h */,
				761E888C21D7324500AB2F70 /* camellia.h */,
				761E888D21D7324500AB2F70 /* opensslconf_ios_arm64.h */,
				761E888E21D7324500AB2F70 /* evp.h */,
				761E888F21D7324500AB2F70 /* e_os2.h */,
				761E889021D7324500AB2F70 /* md4.h */,
				761E889121D7324500AB2F70 /* hmac.h */,
				761E889221D7324500AB2F70 /* aes.h */,
				761E889321D7324500AB2F70 /* comp.h */,
				761E889421D7324500AB2F70 /* cast.h */,
				761E889521D7324500AB2F70 /* rc4.h */,
				761E889621D7324500AB2F70 /* stack.h */,
				761E889721D7324500AB2F70 /* des.h */,
				761E889821D7324500AB2F70 /* ocsp.h */,
				761E889921D7324500AB2F70 /* ec.h */,
				761E889A21D7324500AB2F70 /* ecdh.h */,
				761E889B21D7324500AB2F70 /* rand.h */,
				761E889C21D7324500AB2F70 /* opensslconf_ios_armv7.h */,
				761E889D21D7324500AB2F70 /* opensslconf_tvos_arm64.h */,
				761E889E21D7324500AB2F70 /* ts.h */,
				761E889F21D7324500AB2F70 /* pqueue.h */,
				761E88A021D7324500AB2F70 /* dso.h */,
				761E88A121D7324500AB2F70 /* seed.h */,
				761E88A221D7324500AB2F70 /* modes.h */,
				761E88A321D7324500AB2F70 /* ssl2.h */,
				761E88A421D7324500AB2F70 /* rsa.h */,
				761E88A521D7324500AB2F70 /* krb5_asn.h */,
				761E88A621D7324500AB2F70 /* des_old.h */,
				761E88A721D7324500AB2F70 /* ripemd.h */,
				761E88A821D7324500AB2F70 /* whrlpool.h */,
				761E88A921D7324500AB2F70 /* tls1.h */,
				761E88AA21D7324500AB2F70 /* mdc2.h */,
				761E88AB21D7324500AB2F70 /* dsa.h */,
				761E88AC21D7324500AB2F70 /* srtp.h */,
				761E88AD21D7324500AB2F70 /* asn1t.h */,
				761E88AE21D7324500AB2F70 /* cmac.h */,
				761E88AF21D7324500AB2F70 /* ebcdic.h */,
				761E88B021D7324500AB2F70 /* idea.h */,
				761E88B121D7324500AB2F70 /* lhash.h */,
			);
			path = openssl;
			sourceTree = "<group>";
		};
		761E88B321D7324F00AB2F70 /* lib */ = {
			isa = PBXGroup;
			children = (
				761E88B421D7324F00AB2F70 /* libcrypto.a */,
				761E88B621D7324F00AB2F70 /* libssl.a */,
			);
			path = lib;
			sourceTree = "<group>";
		};
/* End PBXGroup section */

/* Begin PBXNativeTarget section */
		761E884221D7321F00AB2F70 /* OpenSSL_Demo */ = {
			isa = PBXNativeTarget;
			buildConfigurationList = 761E885921D7322100AB2F70 /* Build configuration list for PBXNativeTarget "OpenSSL_Demo" */;
			buildPhases = (
				761E883F21D7321F00AB2F70 /* Sources */,
				761E884021D7321F00AB2F70 /* Frameworks */,
				761E884121D7321F00AB2F70 /* Resources */,
			);
			buildRules = (
			);
			dependencies = (
			);
			name = OpenSSL_Demo;
			productName = OpenSSL_Demo;
			productReference = 761E884321D7321F00AB2F70 /* OpenSSL_Demo.app */;
			productType = "com.apple.product-type.application";
		};
/* End PBXNativeTarget section */

/* Begin PBXProject section */
		761E883B21D7321F00AB2F70 /* Project object */ = {
			isa = PBXProject;
			attributes = {
				LastUpgradeCheck = 1010;
				ORGANIZATIONNAME = smile;
				TargetAttributes = {
					761E884221D7321F00AB2F70 = {
						CreatedOnToolsVersion = 10.1;
					};
				};
			};
			buildConfigurationList = 761E883E21D7321F00AB2F70 /* Build configuration list for PBXProject "OpenSSL_Demo" */;
			compatibilityVersion = "Xcode 9.3";
			developmentRegion = en;
			hasScannedForEncodings = 0;
			knownRegions = (
				en,
				Base,
			);
			mainGroup = 761E883A21D7321F00AB2F70;
			productRefGroup = 761E884421D7321F00AB2F70 /* Products */;
			projectDirPath = "";
			projectRoot = "";
			targets = (
				761E884221D7321F00AB2F70 /* OpenSSL_Demo */,
			);
		};
/* End PBXProject section */

/* Begin PBXResourcesBuildPhase section */
		761E884121D7321F00AB2F70 /* Resources */ = {
			isa = PBXResourcesBuildPhase;
			buildActionMask = 2147483647;
			files = (
				761E885321D7322100AB2F70 /* LaunchScreen.storyboard in Resources */,
				761E885021D7322100AB2F70 /* Assets.xcassets in Resources */,
				761E88B221D7324500AB2F70 /* LICENSE in Resources */,
				761E884E21D7321F00AB2F70 /* Main.storyboard in Resources */,
			);
			runOnlyForDeploymentPostprocessing = 0;
		};
/* End PBXResourcesBuildPhase section */

/* Begin PBXSourcesBuildPhase section */
		761E883F21D7321F00AB2F70 /* Sources */ = {
			isa = PBXSourcesBuildPhase;
			buildActionMask = 2147483647;
			files = (
				761E884B21D7321F00AB2F70 /* ViewController.m in Sources */,
				761E885621D7322100AB2F70 /* main.m in Sources */,
				761E884821D7321F00AB2F70 /* AppDelegate.m in Sources */,
			);
			runOnlyForDeploymentPostprocessing = 0;
		};
/* End PBXSourcesBuildPhase section */

/* Begin PBXVariantGroup section */
		761E884C21D7321F00AB2F70 /* Main.storyboard */ = {
			isa = PBXVariantGroup;
			children = (
				761E884D21D7321F00AB2F70 /* Base */,
			);
			name = Main.storyboard;
			sourceTree = "<group>";
		};
		761E885121D7322100AB2F70 /* LaunchScreen.storyboard */ = {
			isa = PBXVariantGroup;
			children = (
				761E885221D7322100AB2F70 /* Base */,
			);
			name = LaunchScreen.storyboard;
			sourceTree = "<group>";
		};
/* End PBXVariantGroup section */

/* Begin XCBuildConfiguration section */
		761E885721D7322100AB2F70 /* Debug */ = {
			isa = XCBuildConfiguration;
			buildSettings = {
				ALWAYS_SEARCH_USER_PATHS = NO;
				CLANG_ANALYZER_NONNULL = YES;
				CLANG_ANALYZER_NUMBER_OBJECT_CONVERSION = YES_AGGRESSIVE;
				CLANG_CXX_LANGUAGE_STANDARD = "gnu++14";
				CLANG_CXX_LIBRARY = "libc++";
				CLANG_ENABLE_MODULES = YES;
				CLANG_ENABLE_OBJC_ARC = YES;
				CLANG_ENABLE_OBJC_WEAK = YES;
				CLANG_WARN_BLOCK_CAPTURE_AUTORELEASING = YES;
				CLANG_WARN_BOOL_CONVERSION = YES;
				CLANG_WARN_COMMA = YES;
				CLANG_WARN_CONSTANT_CONVERSION = YES;
				CLANG_WARN_DEPRECATED_OBJC_IMPLEMENTATIONS = YES;
				CLANG_WARN_DIRECT_OBJC_ISA_USAGE = YES_ERROR;
				CLANG_WARN_DOCUMENTATION_COMMENTS = YES;
				CLANG_WARN_EMPTY_BODY = YES;
				CLANG_WARN_ENUM_CONVERSION = YES;
				CLANG_WARN_INFINITE_RECURSION = YES;
				CLANG_WARN_INT_CONVERSION = YES;
				CLANG_WARN_NON_LITERAL_NULL_CONVERSION = YES;
				CLANG_WARN_OBJC_IMPLICIT_RETAIN_SELF = YES;
				CLANG_WARN_OBJC_LITERAL_CONVERSION = YES;
				CLANG_WARN_OBJC_ROOT_CLASS = YES_ERROR;
				CLANG_WARN_RANGE_LOOP_ANALYSIS = YES;
				CLANG_WARN_STRICT_PROTOTYPES = YES;
				CLANG_WARN_SUSPICIOUS_MOVE = YES;
				CLANG_WARN_UNGUARDED_AVAILABILITY = YES_AGGRESSIVE;
				CLANG_WARN_UNREACHABLE_CODE = YES;
				CLANG_WARN__DUPLICATE_METHOD_MATCH = YES;
				CODE_SIGN_IDENTITY = "iPhone Developer";
				COPY_PHASE_STRIP = NO;
				DEBUG_INFORMATION_FORMAT = dwarf;
				ENABLE_STRICT_OBJC_MSGSEND = YES;
				ENABLE_TESTABILITY = YES;
				GCC_C_LANGUAGE_STANDARD = gnu11;
				GCC_DYNAMIC_NO_PIC = NO;
				GCC_NO_COMMON_BLOCKS = YES;
				GCC_OPTIMIZATION_LEVEL = 0;
				GCC_PREPROCESSOR_DEFINITIONS = (
					"DEBUG=1",
					"$(inherited)",
				);
				GCC_WARN_64_TO_32_BIT_CONVERSION = YES;
				GCC_WARN_ABOUT_RETURN_TYPE = YES_ERROR;
				GCC_WARN_UNDECLARED_SELECTOR = YES;
				GCC_WARN_UNINITIALIZED_AUTOS = YES_AGGRESSIVE;
				GCC_WARN_UNUSED_FUNCTION = YES;
				GCC_WARN_UNUSED_VARIABLE = YES;
				IPHONEOS_DEPLOYMENT_TARGET = 12.1;
				MTL_ENABLE_DEBUG_INFO = INCLUDE_SOURCE;
				MTL_FAST_MATH = YES;
				ONLY_ACTIVE_ARCH = YES;
				SDKROOT = iphoneos;
			};
			name = Debug;
		};
		761E885821D7322100AB2F70 /* Release */ = {
			isa = XCBuildConfiguration;
			buildSettings = {
				ALWAYS_SEARCH_USER_PATHS = NO;
				CLANG_ANALYZER_NONNULL = YES;
				CLANG_ANALYZER_NUMBER_OBJECT_CONVERSION = YES_AGGRESSIVE;
				CLANG_CXX_LANGUAGE_STANDARD = "gnu++14";
				CLANG_CXX_LIBRARY = "libc++";
				CLANG_ENABLE_MODULES = YES;
				CLANG_ENABLE_OBJC_ARC = YES;
				CLANG_ENABLE_OBJC_WEAK = YES;
				CLANG_WARN_BLOCK_CAPTURE_AUTORELEASING = YES;
				CLANG_WARN_BOOL_CONVERSION = YES;
				CLANG_WARN_COMMA = YES;
				CLANG_WARN_CONSTANT_CONVERSION = YES;
				CLANG_WARN_DEPRECATED_OBJC_IMPLEMENTATIONS = YES;
				CLANG_WARN_DIRECT_OBJC_ISA_USAGE = YES_ERROR;
				CLANG_WARN_DOCUMENTATION_COMMENTS = YES;
				CLANG_WARN_EMPTY_BODY = YES;
				CLANG_WARN_ENUM_CONVERSION = YES;
				CLANG_WARN_INFINITE_RECURSION = YES;
				CLANG_WARN_INT_CONVERSION = YES;
				CLANG_WARN_NON_LITERAL_NULL_CONVERSION = YES;
				CLANG_WARN_OBJC_IMPLICIT_RETAIN_SELF = YES;
				CLANG_WARN_OBJC_LITERAL_CONVERSION = YES;
				CLANG_WARN_OBJC_ROOT_CLASS = YES_ERROR;
				CLANG_WARN_RANGE_LOOP_ANALYSIS = YES;
				CLANG_WARN_STRICT_PROTOTYPES = YES;
				CLANG_WARN_SUSPICIOUS_MOVE = YES;
				CLANG_WARN_UNGUARDED_AVAILABILITY = YES_AGGRESSIVE;
				CLANG_WARN_UNREACHABLE_CODE = YES;
				CLANG_WARN__DUPLICATE_METHOD_MATCH = YES;
				CODE_SIGN_IDENTITY = "iPhone Developer";
				COPY_PHASE_STRIP = NO;
				DEBUG_INFORMATION_FORMAT = "dwarf-with-dsym";
				ENABLE_NS_ASSERTIONS = NO;
				ENABLE_STRICT_OBJC_MSGSEND = YES;
				GCC_C_LANGUAGE_STANDARD = gnu11;
				GCC_NO_COMMON_BLOCKS = YES;
				GCC_WARN_64_TO_32_BIT_CONVERSION = YES;
				GCC_WARN_ABOUT_RETURN_TYPE = YES_ERROR;
				GCC_WARN_UNDECLARED_SELECTOR = YES;
				GCC_WARN_UNINITIALIZED_AUTOS = YES_AGGRESSIVE;
				GCC_WARN_UNUSED_FUNCTION = YES;
				GCC_WARN_UNUSED_VARIABLE = YES;
				IPHONEOS_DEPLOYMENT_TARGET = 12.1;
				MTL_ENABLE_DEBUG_INFO = NO;
				MTL_FAST_MATH = YES;
				SDKROOT = iphoneos;
				VALIDATE_PRODUCT = YES;
			};
			name = Release;
		};
		761E885A21D7322100AB2F70 /* Debug */ = {
			isa = XCBuildConfiguration;
			buildSettings = {
				ASSETCATALOG_COMPILER_APPICON_NAME = AppIcon;
				CODE_SIGN_STYLE = Automatic;
				HEADER_SEARCH_PATHS = "\"$(SRCROOT)/include\"";
				INFOPLIST_FILE = OpenSSL_Demo/Info.plist;
				LD_RUNPATH_SEARCH_PATHS = (
					"$(inherited)",
					"@executable_path/Frameworks",
				);
				LIBRARY_SEARCH_PATHS = (
					"$(inherited)",
					"$(PROJECT_DIR)/lib",
				);
				PRODUCT_BUNDLE_IDENTIFIER = "smile.OpenSSL-Demo";
				PRODUCT_NAME = "$(TARGET_NAME)";
				TARGETED_DEVICE_FAMILY = "1,2";
			};
			name = Debug;
		};
		761E885B21D7322100AB2F70 /* Release */ = {
			isa = XCBuildConfiguration;
			buildSettings = {
				ASSETCATALOG_COMPILER_APPICON_NAME = AppIcon;
				CODE_SIGN_STYLE = Automatic;
				HEADER_SEARCH_PATHS = "\"$(SRCROOT)/include\"";
				INFOPLIST_FILE = OpenSSL_Demo/Info.plist;
				LD_RUNPATH_SEARCH_PATHS = (
					"$(inherited)",
					"@executable_path/Frameworks",
				);
				LIBRARY_SEARCH_PATHS = (
					"$(inherited)",
					"$(PROJECT_DIR)/lib",
				);
				PRODUCT_BUNDLE_IDENTIFIER = "smile.OpenSSL-Demo";
				PRODUCT_NAME = "$(TARGET_NAME)";
				TARGETED_DEVICE_FAMILY = "1,2";
			};
			name = Release;
		};
/* End XCBuildConfiguration section */

/* Begin XCConfigurationList section */
		761E883E21D7321F00AB2F70 /* Build configuration list for PBXProject "OpenSSL_Demo" */ = {
			isa = XCConfigurationList;
			buildConfigurations = (
				761E885721D7322100AB2F70 /* Debug */,
				761E885821D7322100AB2F70 /* Release */,
			);
			defaultConfigurationIsVisible = 0;
			defaultConfigurationName = Release;
		};
		761E885921D7322100AB2F70 /* Build configuration list for PBXNativeTarget "OpenSSL_Demo" */ = {
			isa = XCConfigurationList;
			buildConfigurations = (
				761E885A21D7322100AB2F70 /* Debug */,
				761E885B21D7322100AB2F70 /* Release */,
			);
			defaultConfigurationIsVisible = 0;
			defaultConfigurationName = Release;
		};
/* End XCConfigurationList section */
	};
	rootObject = 761E883B21D7321F00AB2F70 /* Project object */;
}
